
Microsoft Visual Studio Solution File, Format Version 12.00
# Visual Studio Version 17
VisualStudioVersion = 17.5.33414.496
MinimumVisualStudioVersion = 10.0.40219.1
Project("{9A19103F-16F7-4668-BE54-9A1E7A4F7556}") = "MapsGenerator", "MapsGenerator\MapsGenerator.csproj", "{1084F223-5424-47E8-9A0C-0BEB0BFF3381}"
EndProject
Project("{9A19103F-16F7-4668-BE54-9A1E7A4F7556}") = "MapsGenerator.Test", "MapsGenerator.Test\MapsGenerator.Test.csproj", "{1289ACD9-4E66-4873-A36B-729ECEA2F488}"
EndProject
Project("{9A19103F-16F7-4668-BE54-9A1E7A4F7556}") = "MapsGenerator.POC.Tests", "MapsGenerator.POC.Tests\MapsGenerator.POC.Tests.csproj", "{24452E15-5F62-4CFC-A5AD-5DCAD7447357}"
EndProject
Project("{9A19103F-16F7-4668-BE54-9A1E7A4F7556}") = "MapsGenerator.Benchmark", "MapsGenerator.Benchmark\MapsGenerator.Benchmark.csproj", "{C9C6BBC1-3359-408C-9528-7D6DA947F595}"
EndProject
Project("{9A19103F-16F7-4668-BE54-9A1E7A4F7556}") = "MapsGenerator.Tests.Common", "MapsGenerator.Tests.Common\MapsGenerator.Tests.Common.csproj", "{D00A794E-42DB-458C-8150-9BEC2699AEBC}"
EndProject
Project("{2150E333-8FDC-42A3-9474-1A3956D46DE8}") = "Tests", "Tests", "{239F9E86-2406-43BA-8EBA-DA1B99ED5C4A}"
EndProject
Project("{2150E333-8FDC-42A3-9474-1A3956D46DE8}") = "Solution Items", "Solution Items", "{FD993320-C14E-40FA-96C2-B69CA9C2C4F6}"
	ProjectSection(SolutionItems) = preProject
		.editorconfig = .editorconfig
	EndProjectSection
EndProject
Project("{FAE04EC0-301F-11D3-BF4B-00C04F79EFBC}") = "MapsGenerator.ExternalAssembly.TestData", "MapsGenerator.ExternalAssembly.TestData\MapsGenerator.ExternalAssembly.TestData.csproj", "{85375D5D-0C5E-46CA-8A51-73946074A22E}"
EndProject
Global
	GlobalSection(SolutionConfigurationPlatforms) = preSolution
		Debug|Any CPU = Debug|Any CPU
		Release|Any CPU = Release|Any CPU
	EndGlobalSection
	GlobalSection(ProjectConfigurationPlatforms) = postSolution
		{1084F223-5424-47E8-9A0C-0BEB0BFF3381}.Debug|Any CPU.ActiveCfg = Debug|Any CPU
		{1084F223-5424-47E8-9A0C-0BEB0BFF3381}.Debug|Any CPU.Build.0 = Debug|Any CPU
		{1084F223-5424-47E8-9A0C-0BEB0BFF3381}.Release|Any CPU.ActiveCfg = Release|Any CPU
		{1084F223-5424-47E8-9A0C-0BEB0BFF3381}.Release|Any CPU.Build.0 = Release|Any CPU
		{1289ACD9-4E66-4873-A36B-729ECEA2F488}.Debug|Any CPU.ActiveCfg = Debug|Any CPU
		{1289ACD9-4E66-4873-A36B-729ECEA2F488}.Debug|Any CPU.Build.0 = Debug|Any CPU
		{1289ACD9-4E66-4873-A36B-729ECEA2F488}.Release|Any CPU.ActiveCfg = Release|Any CPU
		{1289ACD9-4E66-4873-A36B-729ECEA2F488}.Release|Any CPU.Build.0 = Release|Any CPU
		{24452E15-5F62-4CFC-A5AD-5DCAD7447357}.Debug|Any CPU.ActiveCfg = Debug|Any CPU
		{24452E15-5F62-4CFC-A5AD-5DCAD7447357}.Debug|Any CPU.Build.0 = Debug|Any CPU
		{24452E15-5F62-4CFC-A5AD-5DCAD7447357}.Release|Any CPU.ActiveCfg = Release|Any CPU
		{24452E15-5F62-4CFC-A5AD-5DCAD7447357}.Release|Any CPU.Build.0 = Release|Any CPU
		{C9C6BBC1-3359-408C-9528-7D6DA947F595}.Debug|Any CPU.ActiveCfg = Debug|Any CPU
		{C9C6BBC1-3359-408C-9528-7D6DA947F595}.Debug|Any CPU.Build.0 = Debug|Any CPU
		{C9C6BBC1-3359-408C-9528-7D6DA947F595}.Release|Any CPU.ActiveCfg = Release|Any CPU
		{C9C6BBC1-3359-408C-9528-7D6DA947F595}.Release|Any CPU.Build.0 = Release|Any CPU
		{D00A794E-42DB-458C-8150-9BEC2699AEBC}.Debug|Any CPU.ActiveCfg = Debug|Any CPU
		{D00A794E-42DB-458C-8150-9BEC2699AEBC}.Debug|Any CPU.Build.0 = Debug|Any CPU
		{D00A794E-42DB-458C-8150-9BEC2699AEBC}.Release|Any CPU.ActiveCfg = Release|Any CPU
		{D00A794E-42DB-458C-8150-9BEC2699AEBC}.Release|Any CPU.Build.0 = Release|Any CPU
		{85375D5D-0C5E-46CA-8A51-73946074A22E}.Debug|Any CPU.ActiveCfg = Debug|Any CPU
		{85375D5D-0C5E-46CA-8A51-73946074A22E}.Debug|Any CPU.Build.0 = Debug|Any CPU
		{85375D5D-0C5E-46CA-8A51-73946074A22E}.Release|Any CPU.ActiveCfg = Release|Any CPU
		{85375D5D-0C5E-46CA-8A51-73946074A22E}.Release|Any CPU.Build.0 = Release|Any CPU
	EndGlobalSection
	GlobalSection(SolutionProperties) = preSolution
		HideSolutionNode = FALSE
	EndGlobalSection
	GlobalSection(NestedProjects) = preSolution
		{1289ACD9-4E66-4873-A36B-729ECEA2F488} = {239F9E86-2406-43BA-8EBA-DA1B99ED5C4A}
		{24452E15-5F62-4CFC-A5AD-5DCAD7447357} = {239F9E86-2406-43BA-8EBA-DA1B99ED5C4A}
		{C9C6BBC1-3359-408C-9528-7D6DA947F595} = {239F9E86-2406-43BA-8EBA-DA1B99ED5C4A}
		{D00A794E-42DB-458C-8150-9BEC2699AEBC} = {239F9E86-2406-43BA-8EBA-DA1B99ED5C4A}
		{85375D5D-0C5E-46CA-8A51-73946074A22E} = {239F9E86-2406-43BA-8EBA-DA1B99ED5C4A}
	EndGlobalSection
	GlobalSection(ExtensibilityGlobals) = postSolution
		SolutionGuid = {BB14FAB6-4E65-4564-921B-BA69E98E1969}
	EndGlobalSection
EndGlobal
